
Microsoft Visual Studio Solution File, Format Version 12.00
# Visual Studio Version 16
VisualStudioVersion = 16.0.31105.61
MinimumVisualStudioVersion = 10.0.40219.1
Project("{FAE04EC0-301F-11D3-BF4B-00C04F79EFBC}") = "JMFWebAPI", "JMFWebAPI\JMFWebAPI.csproj", "{9C237736-90DE-49EA-A319-AE23A3EBC03A}"
EndProject
Global
	GlobalSection(SolutionConfigurationPlatforms) = preSolution
		Debug|Any CPU = Debug|Any CPU
		Release|Any CPU = Release|Any CPU
	EndGlobalSection
	GlobalSection(ProjectConfigurationPlatforms) = postSolution
		{9C237736-90DE-49EA-A319-AE23A3EBC03A}.Debug|Any CPU.ActiveCfg = Debug|Any CPU
		{9C237736-90DE-49EA-A319-AE23A3EBC03A}.Debug|Any CPU.Build.0 = Debug|Any CPU
		{9C237736-90DE-49EA-A319-AE23A3EBC03A}.Release|Any CPU.ActiveCfg = Release|Any CPU
		{9C237736-90DE-49EA-A319-AE23A3EBC03A}.Release|Any CPU.Build.0 = Release|Any CPU
	EndGlobalSection
	GlobalSection(SolutionProperties) = preSolution
		HideSolutionNode = FALSE
	EndGlobalSection
	GlobalSection(ExtensibilityGlobals) = postSolution
		SolutionGuid = {ADC308F6-5B6A-47E0-8EAC-7443AA26BEC0}
	EndGlobalSection
EndGlobal
